{
  "requires": true,
  "lockfileVersion": 1,
  "dependencies": {
    "warpfox-frame-print": {
      "version": "1.0.0",
      "resolved": "https://registry.npmjs.org/warpfox-frame-print/-/warpfox-frame-print-1.0.0.tgz",
      "integrity": "sha512-HqquwVLWMvmVFc4bvHLSqcb+FSWgX5ChBFaiyOflRm7kCr3rZrbjoUPF3levsVonss4GtY95uSGEUSRMEBHLVw=="
    }
  }
}
